
Microsoft Visual Studio Solution File, Format Version 12.00
# Visual Studio Version 17
VisualStudioVersion = 17.9.34723.18
MinimumVisualStudioVersion = 10.0.40219.1
Project("{FAE04EC0-301F-11D3-BF4B-00C04F79EFBC}") = "Aula", "Aula\Aula.csproj", "{8FB533BA-4583-4E0B-A2BD-72887A954598}"
EndProject
Global
	GlobalSection(SolutionConfigurationPlatforms) = preSolution
		Debug|Any CPU = Debug|Any CPU
		Release|Any CPU = Release|Any CPU
	EndGlobalSection
	GlobalSection(ProjectConfigurationPlatforms) = postSolution
		{8FB533BA-4583-4E0B-A2BD-72887A954598}.Debug|Any CPU.ActiveCfg = Debug|Any CPU
		{8FB533BA-4583-4E0B-A2BD-72887A954598}.Debug|Any CPU.Build.0 = Debug|Any CPU
		{8FB533BA-4583-4E0B-A2BD-72887A954598}.Release|Any CPU.ActiveCfg = Release|Any CPU
		{8FB533BA-4583-4E0B-A2BD-72887A954598}.Release|Any CPU.Build.0 = Release|Any CPU
	EndGlobalSection
	GlobalSection(SolutionProperties) = preSolution
		HideSolutionNode = FALSE
	EndGlobalSection
	GlobalSection(ExtensibilityGlobals) = postSolution
		SolutionGuid = {ED1D907F-DBAC-41A7-BC42-0F95C60D98C6}
	EndGlobalSection
EndGlobal
