
Microsoft Visual Studio Solution File, Format Version 12.00
# Visual Studio Version 17
VisualStudioVersion = 17.9.34723.18
MinimumVisualStudioVersion = 10.0.40219.1
Project("{FAE04EC0-301F-11D3-BF4B-00C04F79EFBC}") = "Aula11_1", "Aula11_1\Aula11_1.csproj", "{979DB738-EB91-4D78-B44B-0EB1132E9B03}"
EndProject
Global
	GlobalSection(SolutionConfigurationPlatforms) = preSolution
		Debug|Any CPU = Debug|Any CPU
		Release|Any CPU = Release|Any CPU
	EndGlobalSection
	GlobalSection(ProjectConfigurationPlatforms) = postSolution
		{979DB738-EB91-4D78-B44B-0EB1132E9B03}.Debug|Any CPU.ActiveCfg = Debug|Any CPU
		{979DB738-EB91-4D78-B44B-0EB1132E9B03}.Debug|Any CPU.Build.0 = Debug|Any CPU
		{979DB738-EB91-4D78-B44B-0EB1132E9B03}.Release|Any CPU.ActiveCfg = Release|Any CPU
		{979DB738-EB91-4D78-B44B-0EB1132E9B03}.Release|Any CPU.Build.0 = Release|Any CPU
	EndGlobalSection
	GlobalSection(SolutionProperties) = preSolution
		HideSolutionNode = FALSE
	EndGlobalSection
	GlobalSection(ExtensibilityGlobals) = postSolution
		SolutionGuid = {0EFDB4B1-1DD4-4441-92BA-3C13606348CD}
	EndGlobalSection
EndGlobal
